
Microsoft Visual Studio Solution File, Format Version 12.00
# Visual Studio Version 16
VisualStudioVersion = 16.0.30002.166
MinimumVisualStudioVersion = 10.0.40219.1
Project("{9A19103F-16F7-4668-BE54-9A1E7A4F7556}") = "MovieShop.Domain", "MovieShop.Domain\MovieShop.Domain.csproj", "{1DEA1C86-259C-4C14-8C60-CABB3183D9F1}"
EndProject
Project("{9A19103F-16F7-4668-BE54-9A1E7A4F7556}") = "MovieShop.DataAccess", "MovieShop.DataAccess\MovieShop.DataAccess.csproj", "{8CCEC0A1-74C6-4E95-AEC5-610D1271FBC7}"
EndProject
Project("{9A19103F-16F7-4668-BE54-9A1E7A4F7556}") = "MovieShop.Application", "MovieShop.Application\MovieShop.Application.csproj", "{1BC7E8E2-74D9-4DEF-91A3-D868564C4B30}"
EndProject
Project("{9A19103F-16F7-4668-BE54-9A1E7A4F7556}") = "MovieShop.Implementation", "MovieShop.Implementation\MovieShop.Implementation.csproj", "{88018C00-F429-4687-A684-0BD72DF9FCBB}"
EndProject
Project("{FAE04EC0-301F-11D3-BF4B-00C04F79EFBC}") = "MovieShop.Api", "MovieShop.Api\MovieShop.Api.csproj", "{0DAD28B8-1DE9-4D32-B86F-EB84F11E202B}"
EndProject
Global
	GlobalSection(SolutionConfigurationPlatforms) = preSolution
		Debug|Any CPU = Debug|Any CPU
		Release|Any CPU = Release|Any CPU
	EndGlobalSection
	GlobalSection(ProjectConfigurationPlatforms) = postSolution
		{1DEA1C86-259C-4C14-8C60-CABB3183D9F1}.Debug|Any CPU.ActiveCfg = Debug|Any CPU
		{1DEA1C86-259C-4C14-8C60-CABB3183D9F1}.Debug|Any CPU.Build.0 = Debug|Any CPU
		{1DEA1C86-259C-4C14-8C60-CABB3183D9F1}.Release|Any CPU.ActiveCfg = Release|Any CPU
		{1DEA1C86-259C-4C14-8C60-CABB3183D9F1}.Release|Any CPU.Build.0 = Release|Any CPU
		{8CCEC0A1-74C6-4E95-AEC5-610D1271FBC7}.Debug|Any CPU.ActiveCfg = Debug|Any CPU
		{8CCEC0A1-74C6-4E95-AEC5-610D1271FBC7}.Debug|Any CPU.Build.0 = Debug|Any CPU
		{8CCEC0A1-74C6-4E95-AEC5-610D1271FBC7}.Release|Any CPU.ActiveCfg = Release|Any CPU
		{8CCEC0A1-74C6-4E95-AEC5-610D1271FBC7}.Release|Any CPU.Build.0 = Release|Any CPU
		{1BC7E8E2-74D9-4DEF-91A3-D868564C4B30}.Debug|Any CPU.ActiveCfg = Debug|Any CPU
		{1BC7E8E2-74D9-4DEF-91A3-D868564C4B30}.Debug|Any CPU.Build.0 = Debug|Any CPU
		{1BC7E8E2-74D9-4DEF-91A3-D868564C4B30}.Release|Any CPU.ActiveCfg = Release|Any CPU
		{1BC7E8E2-74D9-4DEF-91A3-D868564C4B30}.Release|Any CPU.Build.0 = Release|Any CPU
		{88018C00-F429-4687-A684-0BD72DF9FCBB}.Debug|Any CPU.ActiveCfg = Debug|Any CPU
		{88018C00-F429-4687-A684-0BD72DF9FCBB}.Debug|Any CPU.Build.0 = Debug|Any CPU
		{88018C00-F429-4687-A684-0BD72DF9FCBB}.Release|Any CPU.ActiveCfg = Release|Any CPU
		{88018C00-F429-4687-A684-0BD72DF9FCBB}.Release|Any CPU.Build.0 = Release|Any CPU
		{0DAD28B8-1DE9-4D32-B86F-EB84F11E202B}.Debug|Any CPU.ActiveCfg = Debug|Any CPU
		{0DAD28B8-1DE9-4D32-B86F-EB84F11E202B}.Debug|Any CPU.Build.0 = Debug|Any CPU
		{0DAD28B8-1DE9-4D32-B86F-EB84F11E202B}.Release|Any CPU.ActiveCfg = Release|Any CPU
		{0DAD28B8-1DE9-4D32-B86F-EB84F11E202B}.Release|Any CPU.Build.0 = Release|Any CPU
	EndGlobalSection
	GlobalSection(SolutionProperties) = preSolution
		HideSolutionNode = FALSE
	EndGlobalSection
	GlobalSection(ExtensibilityGlobals) = postSolution
		SolutionGuid = {E7267FBE-33B5-4514-B887-E2160D5DC4D4}
	EndGlobalSection
EndGlobal
